
Microsoft Visual Studio Solution File, Format Version 12.00
# Visual Studio Version 16
VisualStudioVersion = 16.0.32802.440
MinimumVisualStudioVersion = 10.0.40219.1
Project("{FAE04EC0-301F-11D3-BF4B-00C04F79EFBC}") = "Appointment_Scheduling_Project", "Appointment_Scheduling_Project\Appointment_Scheduling_Project.csproj", "{782FC6CC-F2D1-429F-904E-DDB8E58A1F6D}"
EndProject
Global
	GlobalSection(SolutionConfigurationPlatforms) = preSolution
		Debug|Any CPU = Debug|Any CPU
		Release|Any CPU = Release|Any CPU
	EndGlobalSection
	GlobalSection(ProjectConfigurationPlatforms) = postSolution
		{782FC6CC-F2D1-429F-904E-DDB8E58A1F6D}.Debug|Any CPU.ActiveCfg = Debug|Any CPU
		{782FC6CC-F2D1-429F-904E-DDB8E58A1F6D}.Debug|Any CPU.Build.0 = Debug|Any CPU
		{782FC6CC-F2D1-429F-904E-DDB8E58A1F6D}.Release|Any CPU.ActiveCfg = Release|Any CPU
		{782FC6CC-F2D1-429F-904E-DDB8E58A1F6D}.Release|Any CPU.Build.0 = Release|Any CPU
	EndGlobalSection
	GlobalSection(SolutionProperties) = preSolution
		HideSolutionNode = FALSE
	EndGlobalSection
	GlobalSection(ExtensibilityGlobals) = postSolution
		SolutionGuid = {AFFE594E-57E0-4DB4-968B-7630E59A7EC2}
	EndGlobalSection
EndGlobal
